// !$*UTF8*$!
{
	archiveVersion = 1;
	classes = {
	};
	objectVersion = 56;
	objects = {

/* Begin PBXBuildFile section */
		7B332C192A081FE000F5E32F /* PathRequestAdapterTests.swift in Sources */ = {isa = PBXBuildFile; fileRef = 7B332C182A081FE000F5E32F /* PathRequestAdapterTests.swift */; };
		7B332C1B2A0823C300F5E32F /* UrlRequestAdapterTests.swift in Sources */ = {isa = PBXBuildFile; fileRef = 7B332C1A2A0823C300F5E32F /* UrlRequestAdapterTests.swift */; };
		7B64009B2A057D8400A66595 /* PlanetServiceTests.swift in Sources */ = {isa = PBXBuildFile; fileRef = 7B64009A2A057D8400A66595 /* PlanetServiceTests.swift */; };
		7B6400A02A0581AC00A66595 /* PlanetListResponseModel.swift in Sources */ = {isa = PBXBuildFile; fileRef = 7B64009F2A0581AC00A66595 /* PlanetListResponseModel.swift */; };
		7B6400A22A05851A00A66595 /* PlanetListRequest.swift in Sources */ = {isa = PBXBuildFile; fileRef = 7B6400A12A05851A00A66595 /* PlanetListRequest.swift */; };
		7B6400A62A06481D00A66595 /* BaseRequestAdapter.swift in Sources */ = {isa = PBXBuildFile; fileRef = 7B6400A52A06481D00A66595 /* BaseRequestAdapter.swift */; };
		7B6400A82A0648C500A66595 /* PathRequestAdapter.swift in Sources */ = {isa = PBXBuildFile; fileRef = 7B6400A72A0648C500A66595 /* PathRequestAdapter.swift */; };
		7B6400AA2A06495400A66595 /* UrlRequestAdapter.swift in Sources */ = {isa = PBXBuildFile; fileRef = 7B6400A92A06495400A66595 /* UrlRequestAdapter.swift */; };
		7B6846492A05418200CC5DD0 /* AppDelegate.swift in Sources */ = {isa = PBXBuildFile; fileRef = 7B6846482A05418200CC5DD0 /* AppDelegate.swift */; };
		7B68464B2A05418200CC5DD0 /* SceneDelegate.swift in Sources */ = {isa = PBXBuildFile; fileRef = 7B68464A2A05418200CC5DD0 /* SceneDelegate.swift */; };
		7B68464D2A05418200CC5DD0 /* HomeViewController.swift in Sources */ = {isa = PBXBuildFile; fileRef = 7B68464C2A05418200CC5DD0 /* HomeViewController.swift */; };
		7B6846522A05418300CC5DD0 /* Assets.xcassets in Resources */ = {isa = PBXBuildFile; fileRef = 7B6846512A05418300CC5DD0 /* Assets.xcassets */; };
		7B6846552A05418300CC5DD0 /* LaunchScreen.storyboard in Resources */ = {isa = PBXBuildFile; fileRef = 7B6846532A05418300CC5DD0 /* LaunchScreen.storyboard */; };
		7B68466A2A05418400CC5DD0 /* PlanetzUITests.swift in Sources */ = {isa = PBXBuildFile; fileRef = 7B6846692A05418400CC5DD0 /* PlanetzUITests.swift */; };
		7B68466C2A05418400CC5DD0 /* PlanetzUITestsLaunchTests.swift in Sources */ = {isa = PBXBuildFile; fileRef = 7B68466B2A05418400CC5DD0 /* PlanetzUITestsLaunchTests.swift */; };
		7B68467D2A054D9000CC5DD0 /* HomeView.swift in Sources */ = {isa = PBXBuildFile; fileRef = 7B68467C2A054D9000CC5DD0 /* HomeView.swift */; };
		7B6846822A0553C700CC5DD0 /* Planet.swift in Sources */ = {isa = PBXBuildFile; fileRef = 7B6846812A0553C700CC5DD0 /* Planet.swift */; };
		7B6846852A05587000CC5DD0 /* PlanetService.swift in Sources */ = {isa = PBXBuildFile; fileRef = 7B6846842A05587000CC5DD0 /* PlanetService.swift */; };
		7B6846892A05741400CC5DD0 /* Networking.swift in Sources */ = {isa = PBXBuildFile; fileRef = 7B6846882A05741400CC5DD0 /* Networking.swift */; };
		7B68468B2A05748200CC5DD0 /* Environment.swift in Sources */ = {isa = PBXBuildFile; fileRef = 7B68468A2A05748200CC5DD0 /* Environment.swift */; };
		7B8293962A096905003E42FE /* PlanetListCellTests.swift in Sources */ = {isa = PBXBuildFile; fileRef = 7B8293952A096905003E42FE /* PlanetListCellTests.swift */; };
		7B8293992A097081003E42FE /* InfoViewTests.swift in Sources */ = {isa = PBXBuildFile; fileRef = 7B8293982A097081003E42FE /* InfoViewTests.swift */; };
		7BB1187F2A067A56007E1A38 /* NetworkingTests.swift in Sources */ = {isa = PBXBuildFile; fileRef = 7BB1187E2A067A56007E1A38 /* NetworkingTests.swift */; };
		7BB118822A067D70007E1A38 /* MockURLSessionProtocol.swift in Sources */ = {isa = PBXBuildFile; fileRef = 7BB118812A067D70007E1A38 /* MockURLSessionProtocol.swift */; };
		7BB118842A067EDD007E1A38 /* MockEnvironment.swift in Sources */ = {isa = PBXBuildFile; fileRef = 7BB118832A067EDD007E1A38 /* MockEnvironment.swift */; };
		7BB118862A067EFE007E1A38 /* MockAdapter.swift in Sources */ = {isa = PBXBuildFile; fileRef = 7BB118852A067EFE007E1A38 /* MockAdapter.swift */; };
		7BB118882A06B800007E1A38 /* BaseView.swift in Sources */ = {isa = PBXBuildFile; fileRef = 7BB118872A06B800007E1A38 /* BaseView.swift */; };
		7BB1188B2A06B89D007E1A38 /* LoadingView.swift in Sources */ = {isa = PBXBuildFile; fileRef = 7BB1188A2A06B89D007E1A38 /* LoadingView.swift */; };
		7BB118902A06CF91007E1A38 /* PlanetListCell.swift in Sources */ = {isa = PBXBuildFile; fileRef = 7BB1188F2A06CF91007E1A38 /* PlanetListCell.swift */; };
		7BB118942A06EA3B007E1A38 /* DataStore.swift in Sources */ = {isa = PBXBuildFile; fileRef = 7BB118932A06EA3B007E1A38 /* DataStore.swift */; };
		7BB1189C2A076A63007E1A38 /* DataFormatter.swift in Sources */ = {isa = PBXBuildFile; fileRef = 7BB1189B2A076A63007E1A38 /* DataFormatter.swift */; };
		7BB118A12A0781B1007E1A38 /* InfoView.swift in Sources */ = {isa = PBXBuildFile; fileRef = 7BB118A02A0781B1007E1A38 /* InfoView.swift */; };
		7BB118A32A07859D007E1A38 /* Strings.swift in Sources */ = {isa = PBXBuildFile; fileRef = 7BB118A22A07859D007E1A38 /* Strings.swift */; };
		7BB118A62A080E6A007E1A38 /* MockPlanetResponse.swift in Sources */ = {isa = PBXBuildFile; fileRef = 7BB118A52A080E6A007E1A38 /* MockPlanetResponse.swift */; };
		7BB118A92A081A14007E1A38 /* BaseRequestAdapterTest.swift in Sources */ = {isa = PBXBuildFile; fileRef = 7BB118A82A081A14007E1A38 /* BaseRequestAdapterTest.swift */; };
		7BB6B4F82A0941F3000ED24E /* HomeViewTests.swift in Sources */ = {isa = PBXBuildFile; fileRef = 7BB6B4F72A0941F3000ED24E /* HomeViewTests.swift */; };
		7BBBCE322A099FFB009F91D0 /* LoadingViewTests.swift in Sources */ = {isa = PBXBuildFile; fileRef = 7BBBCE312A099FFB009F91D0 /* LoadingViewTests.swift */; };
		7BBBCE342A09A132009F91D0 /* DateFormatterTests.swift in Sources */ = {isa = PBXBuildFile; fileRef = 7BBBCE332A09A132009F91D0 /* DateFormatterTests.swift */; };
		7BBF85B72A08B10500D46853 /* HomeViewControllerTests.swift in Sources */ = {isa = PBXBuildFile; fileRef = 7BBF85B62A08B10500D46853 /* HomeViewControllerTests.swift */; };
		7BBF85BB2A092ECE00D46853 /* EnvironmentTests.swift in Sources */ = {isa = PBXBuildFile; fileRef = 7BBF85BA2A092ECE00D46853 /* EnvironmentTests.swift */; };
/* End PBXBuildFile section */

/* Begin PBXContainerItemProxy section */
		7B68465C2A05418400CC5DD0 /* PBXContainerItemProxy */ = {
			isa = PBXContainerItemProxy;
			containerPortal = 7B68463D2A05418200CC5DD0 /* Project object */;
			proxyType = 1;
			remoteGlobalIDString = 7B6846442A05418200CC5DD0;
			remoteInfo = Planetz;
		};
		7B6846662A05418400CC5DD0 /* PBXContainerItemProxy */ = {
			isa = PBXContainerItemProxy;
			containerPortal = 7B68463D2A05418200CC5DD0 /* Project object */;
			proxyType = 1;
			remoteGlobalIDString = 7B6846442A05418200CC5DD0;
			remoteInfo = Planetz;
		};
/* End PBXContainerItemProxy section */

/* Begin PBXFileReference section */
		7B332C182A081FE000F5E32F /* PathRequestAdapterTests.swift */ = {isa = PBXFileReference; lastKnownFileType = sourcecode.swift; path = PathRequestAdapterTests.swift; sourceTree = "<group>"; };
		7B332C1A2A0823C300F5E32F /* UrlRequestAdapterTests.swift */ = {isa = PBXFileReference; lastKnownFileType = sourcecode.swift; path = UrlRequestAdapterTests.swift; sourceTree = "<group>"; };
		7B64009A2A057D8400A66595 /* PlanetServiceTests.swift */ = {isa = PBXFileReference; lastKnownFileType = sourcecode.swift; path = PlanetServiceTests.swift; sourceTree = "<group>"; };
		7B64009F2A0581AC00A66595 /* PlanetListResponseModel.swift */ = {isa = PBXFileReference; lastKnownFileType = sourcecode.swift; path = PlanetListResponseModel.swift; sourceTree = "<group>"; };
		7B6400A12A05851A00A66595 /* PlanetListRequest.swift */ = {isa = PBXFileReference; lastKnownFileType = sourcecode.swift; path = PlanetListRequest.swift; sourceTree = "<group>"; };
		7B6400A52A06481D00A66595 /* BaseRequestAdapter.swift */ = {isa = PBXFileReference; lastKnownFileType = sourcecode.swift; path = BaseRequestAdapter.swift; sourceTree = "<group>"; };
		7B6400A72A0648C500A66595 /* PathRequestAdapter.swift */ = {isa = PBXFileReference; lastKnownFileType = sourcecode.swift; path = PathRequestAdapter.swift; sourceTree = "<group>"; };
		7B6400A92A06495400A66595 /* UrlRequestAdapter.swift */ = {isa = PBXFileReference; lastKnownFileType = sourcecode.swift; path = UrlRequestAdapter.swift; sourceTree = "<group>"; };
		7B6846452A05418200CC5DD0 /* Planetz.app */ = {isa = PBXFileReference; explicitFileType = wrapper.application; includeInIndex = 0; path = Planetz.app; sourceTree = BUILT_PRODUCTS_DIR; };
		7B6846482A05418200CC5DD0 /* AppDelegate.swift */ = {isa = PBXFileReference; lastKnownFileType = sourcecode.swift; path = AppDelegate.swift; sourceTree = "<group>"; };
		7B68464A2A05418200CC5DD0 /* SceneDelegate.swift */ = {isa = PBXFileReference; lastKnownFileType = sourcecode.swift; path = SceneDelegate.swift; sourceTree = "<group>"; };
		7B68464C2A05418200CC5DD0 /* HomeViewController.swift */ = {isa = PBXFileReference; lastKnownFileType = sourcecode.swift; path = HomeViewController.swift; sourceTree = "<group>"; };
		7B6846512A05418300CC5DD0 /* Assets.xcassets */ = {isa = PBXFileReference; lastKnownFileType = folder.assetcatalog; path = Assets.xcassets; sourceTree = "<group>"; };
		7B6846542A05418300CC5DD0 /* Base */ = {isa = PBXFileReference; lastKnownFileType = file.storyboard; name = Base; path = Base.lproj/LaunchScreen.storyboard; sourceTree = "<group>"; };
		7B6846562A05418300CC5DD0 /* Info.plist */ = {isa = PBXFileReference; lastKnownFileType = text.plist.xml; path = Info.plist; sourceTree = "<group>"; };
		7B68465B2A05418400CC5DD0 /* PlanetzTests.xctest */ = {isa = PBXFileReference; explicitFileType = wrapper.cfbundle; includeInIndex = 0; path = PlanetzTests.xctest; sourceTree = BUILT_PRODUCTS_DIR; };
		7B6846652A05418400CC5DD0 /* PlanetzUITests.xctest */ = {isa = PBXFileReference; explicitFileType = wrapper.cfbundle; includeInIndex = 0; path = PlanetzUITests.xctest; sourceTree = BUILT_PRODUCTS_DIR; };
		7B6846692A05418400CC5DD0 /* PlanetzUITests.swift */ = {isa = PBXFileReference; lastKnownFileType = sourcecode.swift; path = PlanetzUITests.swift; sourceTree = "<group>"; };
		7B68466B2A05418400CC5DD0 /* PlanetzUITestsLaunchTests.swift */ = {isa = PBXFileReference; lastKnownFileType = sourcecode.swift; path = PlanetzUITestsLaunchTests.swift; sourceTree = "<group>"; };
		7B68467C2A054D9000CC5DD0 /* HomeView.swift */ = {isa = PBXFileReference; lastKnownFileType = sourcecode.swift; path = HomeView.swift; sourceTree = "<group>"; };
		7B6846812A0553C700CC5DD0 /* Planet.swift */ = {isa = PBXFileReference; lastKnownFileType = sourcecode.swift; path = Planet.swift; sourceTree = "<group>"; };
		7B6846842A05587000CC5DD0 /* PlanetService.swift */ = {isa = PBXFileReference; lastKnownFileType = sourcecode.swift; path = PlanetService.swift; sourceTree = "<group>"; };
		7B6846882A05741400CC5DD0 /* Networking.swift */ = {isa = PBXFileReference; lastKnownFileType = sourcecode.swift; path = Networking.swift; sourceTree = "<group>"; };
		7B68468A2A05748200CC5DD0 /* Environment.swift */ = {isa = PBXFileReference; lastKnownFileType = sourcecode.swift; path = Environment.swift; sourceTree = "<group>"; };
		7B8293952A096905003E42FE /* PlanetListCellTests.swift */ = {isa = PBXFileReference; lastKnownFileType = sourcecode.swift; path = PlanetListCellTests.swift; sourceTree = "<group>"; };
		7B8293982A097081003E42FE /* InfoViewTests.swift */ = {isa = PBXFileReference; lastKnownFileType = sourcecode.swift; path = InfoViewTests.swift; sourceTree = "<group>"; };
		7BB1187E2A067A56007E1A38 /* NetworkingTests.swift */ = {isa = PBXFileReference; lastKnownFileType = sourcecode.swift; path = NetworkingTests.swift; sourceTree = "<group>"; };
		7BB118812A067D70007E1A38 /* MockURLSessionProtocol.swift */ = {isa = PBXFileReference; lastKnownFileType = sourcecode.swift; path = MockURLSessionProtocol.swift; sourceTree = "<group>"; };
		7BB118832A067EDD007E1A38 /* MockEnvironment.swift */ = {isa = PBXFileReference; lastKnownFileType = sourcecode.swift; path = MockEnvironment.swift; sourceTree = "<group>"; };
		7BB118852A067EFE007E1A38 /* MockAdapter.swift */ = {isa = PBXFileReference; lastKnownFileType = sourcecode.swift; path = MockAdapter.swift; sourceTree = "<group>"; };
		7BB118872A06B800007E1A38 /* BaseView.swift */ = {isa = PBXFileReference; lastKnownFileType = sourcecode.swift; path = BaseView.swift; sourceTree = "<group>"; };
		7BB1188A2A06B89D007E1A38 /* LoadingView.swift */ = {isa = PBXFileReference; lastKnownFileType = sourcecode.swift; path = LoadingView.swift; sourceTree = "<group>"; };
		7BB1188F2A06CF91007E1A38 /* PlanetListCell.swift */ = {isa = PBXFileReference; lastKnownFileType = sourcecode.swift; path = PlanetListCell.swift; sourceTree = "<group>"; };
		7BB118932A06EA3B007E1A38 /* DataStore.swift */ = {isa = PBXFileReference; lastKnownFileType = sourcecode.swift; path = DataStore.swift; sourceTree = "<group>"; };
		7BB1189B2A076A63007E1A38 /* DataFormatter.swift */ = {isa = PBXFileReference; lastKnownFileType = sourcecode.swift; path = DataFormatter.swift; sourceTree = "<group>"; };
		7BB118A02A0781B1007E1A38 /* InfoView.swift */ = {isa = PBXFileReference; lastKnownFileType = sourcecode.swift; path = InfoView.swift; sourceTree = "<group>"; };
		7BB118A22A07859D007E1A38 /* Strings.swift */ = {isa = PBXFileReference; lastKnownFileType = sourcecode.swift; path = Strings.swift; sourceTree = "<group>"; };
		7BB118A52A080E6A007E1A38 /* MockPlanetResponse.swift */ = {isa = PBXFileReference; lastKnownFileType = sourcecode.swift; path = MockPlanetResponse.swift; sourceTree = "<group>"; };
		7BB118A82A081A14007E1A38 /* BaseRequestAdapterTest.swift */ = {isa = PBXFileReference; lastKnownFileType = sourcecode.swift; path = BaseRequestAdapterTest.swift; sourceTree = "<group>"; };
		7BB6B4F72A0941F3000ED24E /* HomeViewTests.swift */ = {isa = PBXFileReference; lastKnownFileType = sourcecode.swift; path = HomeViewTests.swift; sourceTree = "<group>"; };
		7BBBCE312A099FFB009F91D0 /* LoadingViewTests.swift */ = {isa = PBXFileReference; lastKnownFileType = sourcecode.swift; path = LoadingViewTests.swift; sourceTree = "<group>"; };
		7BBBCE332A09A132009F91D0 /* DateFormatterTests.swift */ = {isa = PBXFileReference; lastKnownFileType = sourcecode.swift; path = DateFormatterTests.swift; sourceTree = "<group>"; };
		7BBF85B42A08308B00D46853 /* Planetz.xctestplan */ = {isa = PBXFileReference; lastKnownFileType = text; path = Planetz.xctestplan; sourceTree = "<group>"; };
		7BBF85B62A08B10500D46853 /* HomeViewControllerTests.swift */ = {isa = PBXFileReference; lastKnownFileType = sourcecode.swift; path = HomeViewControllerTests.swift; sourceTree = "<group>"; };
		7BBF85BA2A092ECE00D46853 /* EnvironmentTests.swift */ = {isa = PBXFileReference; lastKnownFileType = sourcecode.swift; path = EnvironmentTests.swift; sourceTree = "<group>"; };
/* End PBXFileReference section */

/* Begin PBXFrameworksBuildPhase section */
		7B6846422A05418200CC5DD0 /* Frameworks */ = {
			isa = PBXFrameworksBuildPhase;
			buildActionMask = 2147483647;
			files = (
			);
			runOnlyForDeploymentPostprocessing = 0;
		};
		7B6846582A05418400CC5DD0 /* Frameworks */ = {
			isa = PBXFrameworksBuildPhase;
			buildActionMask = 2147483647;
			files = (
			);
			runOnlyForDeploymentPostprocessing = 0;
		};
		7B6846622A05418400CC5DD0 /* Frameworks */ = {
			isa = PBXFrameworksBuildPhase;
			buildActionMask = 2147483647;
			files = (
			);
			runOnlyForDeploymentPostprocessing = 0;
		};
/* End PBXFrameworksBuildPhase section */

/* Begin PBXGroup section */
		7B6400982A057D4100A66595 /* Source */ = {
			isa = PBXGroup;
			children = (
				7BBBCE302A0997FA009F91D0 /* Utils */,
				7B8293972A09706D003E42FE /* Components */,
				7BBF85B82A092DEB00D46853 /* Views */,
				7BBF85B52A08B0EA00D46853 /* Controllers */,
				7BB118802A067D53007E1A38 /* Mocks */,
				7B6400992A057D4900A66595 /* Networking */,
			);
			path = Source;
			sourceTree = "<group>";
		};
		7B6400992A057D4900A66595 /* Networking */ = {
			isa = PBXGroup;
			children = (
				7BB118A72A0819F3007E1A38 /* Adapters */,
				7B64009A2A057D8400A66595 /* PlanetServiceTests.swift */,
				7BB1187E2A067A56007E1A38 /* NetworkingTests.swift */,
				7BBF85BA2A092ECE00D46853 /* EnvironmentTests.swift */,
			);
			path = Networking;
			sourceTree = "<group>";
		};
		7B64009C2A057E7200A66595 /* PlanetService */ = {
			isa = PBXGroup;
			children = (
				7B6400A32A05884800A66595 /* PlanetListRequestAdapter */,
				7B6846842A05587000CC5DD0 /* PlanetService.swift */,
			);
			path = PlanetService;
			sourceTree = "<group>";
		};
		7B6400A32A05884800A66595 /* PlanetListRequestAdapter */ = {
			isa = PBXGroup;
			children = (
				7B6400A12A05851A00A66595 /* PlanetListRequest.swift */,
			);
			path = PlanetListRequestAdapter;
			sourceTree = "<group>";
		};
		7B6400A42A06477600A66595 /* Adapters */ = {
			isa = PBXGroup;
			children = (
				7B6400A52A06481D00A66595 /* BaseRequestAdapter.swift */,
				7B6400A72A0648C500A66595 /* PathRequestAdapter.swift */,
				7B6400A92A06495400A66595 /* UrlRequestAdapter.swift */,
			);
			path = Adapters;
			sourceTree = "<group>";
		};
		7B68463C2A05418200CC5DD0 = {
			isa = PBXGroup;
			children = (
				7B6846472A05418200CC5DD0 /* Planetz */,
				7B68465E2A05418400CC5DD0 /* PlanetzTests */,
				7B6846682A05418400CC5DD0 /* PlanetzUITests */,
				7B6846462A05418200CC5DD0 /* Products */,
			);
			sourceTree = "<group>";
		};
		7B6846462A05418200CC5DD0 /* Products */ = {
			isa = PBXGroup;
			children = (
				7B6846452A05418200CC5DD0 /* Planetz.app */,
				7B68465B2A05418400CC5DD0 /* PlanetzTests.xctest */,
				7B6846652A05418400CC5DD0 /* PlanetzUITests.xctest */,
			);
			name = Products;
			sourceTree = "<group>";
		};
		7B6846472A05418200CC5DD0 /* Planetz */ = {
			isa = PBXGroup;
			children = (
				7B68467A2A054BA000CC5DD0 /* AppAssets */,
				7B6846802A05519800CC5DD0 /* Main */,
				7B68467B2A054CAF00CC5DD0 /* Source */,
			);
			path = Planetz;
			sourceTree = "<group>";
		};
		7B68465E2A05418400CC5DD0 /* PlanetzTests */ = {
			isa = PBXGroup;
			children = (
				7B6400982A057D4100A66595 /* Source */,
			);
			path = PlanetzTests;
			sourceTree = "<group>";
		};
		7B6846682A05418400CC5DD0 /* PlanetzUITests */ = {
			isa = PBXGroup;
			children = (
				7B6846692A05418400CC5DD0 /* PlanetzUITests.swift */,
				7B68466B2A05418400CC5DD0 /* PlanetzUITestsLaunchTests.swift */,
			);
			path = PlanetzUITests;
			sourceTree = "<group>";
		};
		7B6846782A054B7400CC5DD0 /* Controllers */ = {
			isa = PBXGroup;
			children = (
				7B68464C2A05418200CC5DD0 /* HomeViewController.swift */,
			);
			path = Controllers;
			sourceTree = "<group>";
		};
		7B6846792A054B8F00CC5DD0 /* Views */ = {
			isa = PBXGroup;
			children = (
				7B68467F2A054F5A00CC5DD0 /* Home */,
			);
			path = Views;
			sourceTree = "<group>";
		};
		7B68467A2A054BA000CC5DD0 /* AppAssets */ = {
			isa = PBXGroup;
			children = (
				7BBF85B42A08308B00D46853 /* Planetz.xctestplan */,
				7B6846532A05418300CC5DD0 /* LaunchScreen.storyboard */,
				7B6846512A05418300CC5DD0 /* Assets.xcassets */,
			);
			path = AppAssets;
			sourceTree = "<group>";
		};
		7B68467B2A054CAF00CC5DD0 /* Source */ = {
			isa = PBXGroup;
			children = (
				7BB118A42A0785B2007E1A38 /* Resources */,
				7BB1189A2A076800007E1A38 /* DataStore */,
				7BB1188C2A06BA45007E1A38 /* Utils */,
				7BB118892A06B873007E1A38 /* Components */,
				7B6846832A05584700CC5DD0 /* Networking */,
				7B68467E2A054ED100CC5DD0 /* Models */,
				7B6846792A054B8F00CC5DD0 /* Views */,
				7B6846782A054B7400CC5DD0 /* Controllers */,
			);
			path = Source;
			sourceTree = "<group>";
		};
		7B68467E2A054ED100CC5DD0 /* Models */ = {
			isa = PBXGroup;
			children = (
				7B64009F2A0581AC00A66595 /* PlanetListResponseModel.swift */,
				7B6846812A0553C700CC5DD0 /* Planet.swift */,
			);
			path = Models;
			sourceTree = "<group>";
		};
		7B68467F2A054F5A00CC5DD0 /* Home */ = {
			isa = PBXGroup;
			children = (
				7B68467C2A054D9000CC5DD0 /* HomeView.swift */,
				7BB1188F2A06CF91007E1A38 /* PlanetListCell.swift */,
			);
			path = Home;
			sourceTree = "<group>";
		};
		7B6846802A05519800CC5DD0 /* Main */ = {
			isa = PBXGroup;
			children = (
				7B6846562A05418300CC5DD0 /* Info.plist */,
				7B6846482A05418200CC5DD0 /* AppDelegate.swift */,
				7B68464A2A05418200CC5DD0 /* SceneDelegate.swift */,
			);
			path = Main;
			sourceTree = "<group>";
		};
		7B6846832A05584700CC5DD0 /* Networking */ = {
			isa = PBXGroup;
			children = (
				7B6400A42A06477600A66595 /* Adapters */,
				7B64009C2A057E7200A66595 /* PlanetService */,
				7B6846882A05741400CC5DD0 /* Networking.swift */,
				7B68468A2A05748200CC5DD0 /* Environment.swift */,
			);
			path = Networking;
			sourceTree = "<group>";
		};
		7B8293972A09706D003E42FE /* Components */ = {
			isa = PBXGroup;
			children = (
				7B8293982A097081003E42FE /* InfoViewTests.swift */,
				7BBBCE312A099FFB009F91D0 /* LoadingViewTests.swift */,
			);
			path = Components;
			sourceTree = "<group>";
		};
		7BB118802A067D53007E1A38 /* Mocks */ = {
			isa = PBXGroup;
			children = (
				7BB118812A067D70007E1A38 /* MockURLSessionProtocol.swift */,
				7BB118832A067EDD007E1A38 /* MockEnvironment.swift */,
				7BB118852A067EFE007E1A38 /* MockAdapter.swift */,
				7BB118A52A080E6A007E1A38 /* MockPlanetResponse.swift */,
			);
			path = Mocks;
			sourceTree = "<group>";
		};
		7BB118892A06B873007E1A38 /* Components */ = {
			isa = PBXGroup;
			children = (
				7BB118872A06B800007E1A38 /* BaseView.swift */,
				7BB1188A2A06B89D007E1A38 /* LoadingView.swift */,
				7BB118A02A0781B1007E1A38 /* InfoView.swift */,
			);
			path = Components;
			sourceTree = "<group>";
		};
		7BB1188C2A06BA45007E1A38 /* Utils */ = {
			isa = PBXGroup;
			children = (
				7BB1189B2A076A63007E1A38 /* DataFormatter.swift */,
			);
			path = Utils;
			sourceTree = "<group>";
		};
		7BB1189A2A076800007E1A38 /* DataStore */ = {
			isa = PBXGroup;
			children = (
				7BB118932A06EA3B007E1A38 /* DataStore.swift */,
			);
			path = DataStore;
			sourceTree = "<group>";
		};
		7BB118A42A0785B2007E1A38 /* Resources */ = {
			isa = PBXGroup;
			children = (
				7BB118A22A07859D007E1A38 /* Strings.swift */,
			);
			path = Resources;
			sourceTree = "<group>";
		};
		7BB118A72A0819F3007E1A38 /* Adapters */ = {
			isa = PBXGroup;
			children = (
				7BB118A82A081A14007E1A38 /* BaseRequestAdapterTest.swift */,
				7B332C182A081FE000F5E32F /* PathRequestAdapterTests.swift */,
				7B332C1A2A0823C300F5E32F /* UrlRequestAdapterTests.swift */,
			);
			path = Adapters;
			sourceTree = "<group>";
		};
		7BBBCE302A0997FA009F91D0 /* Utils */ = {
			isa = PBXGroup;
			children = (
				7BBBCE332A09A132009F91D0 /* DateFormatterTests.swift */,
			);
			path = Utils;
			sourceTree = "<group>";
		};
		7BBF85B52A08B0EA00D46853 /* Controllers */ = {
			isa = PBXGroup;
			children = (
				7BBF85B62A08B10500D46853 /* HomeViewControllerTests.swift */,
			);
			path = Controllers;
			sourceTree = "<group>";
		};
		7BBF85B82A092DEB00D46853 /* Views */ = {
			isa = PBXGroup;
			children = (
				7BBF85B92A092DF100D46853 /* Home */,
			);
			path = Views;
			sourceTree = "<group>";
		};
		7BBF85B92A092DF100D46853 /* Home */ = {
			isa = PBXGroup;
			children = (
				7BB6B4F72A0941F3000ED24E /* HomeViewTests.swift */,
				7B8293952A096905003E42FE /* PlanetListCellTests.swift */,
			);
			path = Home;
			sourceTree = "<group>";
		};
/* End PBXGroup section */

/* Begin PBXNativeTarget section */
		7B6846442A05418200CC5DD0 /* Planetz */ = {
			isa = PBXNativeTarget;
			buildConfigurationList = 7B68466F2A05418400CC5DD0 /* Build configuration list for PBXNativeTarget "Planetz" */;
			buildPhases = (
				7B6846412A05418200CC5DD0 /* Sources */,
				7B6846422A05418200CC5DD0 /* Frameworks */,
				7B6846432A05418200CC5DD0 /* Resources */,
			);
			buildRules = (
			);
			dependencies = (
			);
			name = Planetz;
			productName = Planetz;
			productReference = 7B6846452A05418200CC5DD0 /* Planetz.app */;
			productType = "com.apple.product-type.application";
		};
		7B68465A2A05418400CC5DD0 /* PlanetzTests */ = {
			isa = PBXNativeTarget;
			buildConfigurationList = 7B6846722A05418400CC5DD0 /* Build configuration list for PBXNativeTarget "PlanetzTests" */;
			buildPhases = (
				7B6846572A05418400CC5DD0 /* Sources */,
				7B6846582A05418400CC5DD0 /* Frameworks */,
				7B6846592A05418400CC5DD0 /* Resources */,
			);
			buildRules = (
			);
			dependencies = (
				7B68465D2A05418400CC5DD0 /* PBXTargetDependency */,
			);
			name = PlanetzTests;
			productName = PlanetzTests;
			productReference = 7B68465B2A05418400CC5DD0 /* PlanetzTests.xctest */;
			productType = "com.apple.product-type.bundle.unit-test";
		};
		7B6846642A05418400CC5DD0 /* PlanetzUITests */ = {
			isa = PBXNativeTarget;
			buildConfigurationList = 7B6846752A05418400CC5DD0 /* Build configuration list for PBXNativeTarget "PlanetzUITests" */;
			buildPhases = (
				7B6846612A05418400CC5DD0 /* Sources */,
				7B6846622A05418400CC5DD0 /* Frameworks */,
				7B6846632A05418400CC5DD0 /* Resources */,
			);
			buildRules = (
			);
			dependencies = (
				7B6846672A05418400CC5DD0 /* PBXTargetDependency */,
			);
			name = PlanetzUITests;
			productName = PlanetzUITests;
			productReference = 7B6846652A05418400CC5DD0 /* PlanetzUITests.xctest */;
			productType = "com.apple.product-type.bundle.ui-testing";
		};
/* End PBXNativeTarget section */

/* Begin PBXProject section */
		7B68463D2A05418200CC5DD0 /* Project object */ = {
			isa = PBXProject;
			attributes = {
				BuildIndependentTargetsInParallel = 1;
				LastSwiftUpdateCheck = 1430;
				LastUpgradeCheck = 1430;
				TargetAttributes = {
					7B6846442A05418200CC5DD0 = {
						CreatedOnToolsVersion = 14.3;
					};
					7B68465A2A05418400CC5DD0 = {
						CreatedOnToolsVersion = 14.3;
						TestTargetID = 7B6846442A05418200CC5DD0;
					};
					7B6846642A05418400CC5DD0 = {
						CreatedOnToolsVersion = 14.3;
						TestTargetID = 7B6846442A05418200CC5DD0;
					};
				};
			};
			buildConfigurationList = 7B6846402A05418200CC5DD0 /* Build configuration list for PBXProject "Planetz" */;
			compatibilityVersion = "Xcode 14.0";
			developmentRegion = en;
			hasScannedForEncodings = 0;
			knownRegions = (
				en,
				Base,
			);
			mainGroup = 7B68463C2A05418200CC5DD0;
			productRefGroup = 7B6846462A05418200CC5DD0 /* Products */;
			projectDirPath = "";
			projectRoot = "";
			targets = (
				7B6846442A05418200CC5DD0 /* Planetz */,
				7B68465A2A05418400CC5DD0 /* PlanetzTests */,
				7B6846642A05418400CC5DD0 /* PlanetzUITests */,
			);
		};
/* End PBXProject section */

/* Begin PBXResourcesBuildPhase section */
		7B6846432A05418200CC5DD0 /* Resources */ = {
			isa = PBXResourcesBuildPhase;
			buildActionMask = 2147483647;
			files = (
				7B6846552A05418300CC5DD0 /* LaunchScreen.storyboard in Resources */,
				7B6846522A05418300CC5DD0 /* Assets.xcassets in Resources */,
			);
			runOnlyForDeploymentPostprocessing = 0;
		};
		7B6846592A05418400CC5DD0 /* Resources */ = {
			isa = PBXResourcesBuildPhase;
			buildActionMask = 2147483647;
			files = (
			);
			runOnlyForDeploymentPostprocessing = 0;
		};
		7B6846632A05418400CC5DD0 /* Resources */ = {
			isa = PBXResourcesBuildPhase;
			buildActionMask = 2147483647;
			files = (
			);
			runOnlyForDeploymentPostprocessing = 0;
		};
/* End PBXResourcesBuildPhase section */

/* Begin PBXSourcesBuildPhase section */
		7B6846412A05418200CC5DD0 /* Sources */ = {
			isa = PBXSourcesBuildPhase;
			buildActionMask = 2147483647;
			files = (
				7B6400A82A0648C500A66595 /* PathRequestAdapter.swift in Sources */,
				7B6400AA2A06495400A66595 /* UrlRequestAdapter.swift in Sources */,
				7B6400A62A06481D00A66595 /* BaseRequestAdapter.swift in Sources */,
				7BB118902A06CF91007E1A38 /* PlanetListCell.swift in Sources */,
				7B68464D2A05418200CC5DD0 /* HomeViewController.swift in Sources */,
				7B68468B2A05748200CC5DD0 /* Environment.swift in Sources */,
				7BB118A12A0781B1007E1A38 /* InfoView.swift in Sources */,
				7BB1188B2A06B89D007E1A38 /* LoadingView.swift in Sources */,
				7BB118942A06EA3B007E1A38 /* DataStore.swift in Sources */,
				7B6400A02A0581AC00A66595 /* PlanetListResponseModel.swift in Sources */,
				7B68467D2A054D9000CC5DD0 /* HomeView.swift in Sources */,
				7B6846492A05418200CC5DD0 /* AppDelegate.swift in Sources */,
				7B68464B2A05418200CC5DD0 /* SceneDelegate.swift in Sources */,
				7BB118A32A07859D007E1A38 /* Strings.swift in Sources */,
				7B6846822A0553C700CC5DD0 /* Planet.swift in Sources */,
				7B6846852A05587000CC5DD0 /* PlanetService.swift in Sources */,
				7BB118882A06B800007E1A38 /* BaseView.swift in Sources */,
				7B6400A22A05851A00A66595 /* PlanetListRequest.swift in Sources */,
				7BB1189C2A076A63007E1A38 /* DataFormatter.swift in Sources */,
				7B6846892A05741400CC5DD0 /* Networking.swift in Sources */,
			);
			runOnlyForDeploymentPostprocessing = 0;
		};
		7B6846572A05418400CC5DD0 /* Sources */ = {
			isa = PBXSourcesBuildPhase;
			buildActionMask = 2147483647;
			files = (
				7B8293962A096905003E42FE /* PlanetListCellTests.swift in Sources */,
				7BB118862A067EFE007E1A38 /* MockAdapter.swift in Sources */,
				7BB1187F2A067A56007E1A38 /* NetworkingTests.swift in Sources */,
				7B332C192A081FE000F5E32F /* PathRequestAdapterTests.swift in Sources */,
				7BB118822A067D70007E1A38 /* MockURLSessionProtocol.swift in Sources */,
				7BB118A92A081A14007E1A38 /* BaseRequestAdapterTest.swift in Sources */,
				7BBF85B72A08B10500D46853 /* HomeViewControllerTests.swift in Sources */,
				7BBBCE322A099FFB009F91D0 /* LoadingViewTests.swift in Sources */,
				7BBBCE342A09A132009F91D0 /* DateFormatterTests.swift in Sources */,
				7B64009B2A057D8400A66595 /* PlanetServiceTests.swift in Sources */,
				7BB118842A067EDD007E1A38 /* MockEnvironment.swift in Sources */,
				7BB118A62A080E6A007E1A38 /* MockPlanetResponse.swift in Sources */,
				7B8293992A097081003E42FE /* InfoViewTests.swift in Sources */,
				7BB6B4F82A0941F3000ED24E /* HomeViewTests.swift in Sources */,
				7B332C1B2A0823C300F5E32F /* UrlRequestAdapterTests.swift in Sources */,
				7BBF85BB2A092ECE00D46853 /* EnvironmentTests.swift in Sources */,
			);
			runOnlyForDeploymentPostprocessing = 0;
		};
		7B6846612A05418400CC5DD0 /* Sources */ = {
			isa = PBXSourcesBuildPhase;
			buildActionMask = 2147483647;
			files = (
				7B68466A2A05418400CC5DD0 /* PlanetzUITests.swift in Sources */,
				7B68466C2A05418400CC5DD0 /* PlanetzUITestsLaunchTests.swift in Sources */,
			);
			runOnlyForDeploymentPostprocessing = 0;
		};
/* End PBXSourcesBuildPhase section */

/* Begin PBXTargetDependency section */
		7B68465D2A05418400CC5DD0 /* PBXTargetDependency */ = {
			isa = PBXTargetDependency;
			target = 7B6846442A05418200CC5DD0 /* Planetz */;
			targetProxy = 7B68465C2A05418400CC5DD0 /* PBXContainerItemProxy */;
		};
		7B6846672A05418400CC5DD0 /* PBXTargetDependency */ = {
			isa = PBXTargetDependency;
			target = 7B6846442A05418200CC5DD0 /* Planetz */;
			targetProxy = 7B6846662A05418400CC5DD0 /* PBXContainerItemProxy */;
		};
/* End PBXTargetDependency section */

/* Begin PBXVariantGroup section */
		7B6846532A05418300CC5DD0 /* LaunchScreen.storyboard */ = {
			isa = PBXVariantGroup;
			children = (
				7B6846542A05418300CC5DD0 /* Base */,
			);
			name = LaunchScreen.storyboard;
			sourceTree = "<group>";
		};
/* End PBXVariantGroup section */

/* Begin XCBuildConfiguration section */
		7B68466D2A05418400CC5DD0 /* Debug */ = {
			isa = XCBuildConfiguration;
			buildSettings = {
				ALWAYS_SEARCH_USER_PATHS = NO;
				CLANG_ANALYZER_NONNULL = YES;
				CLANG_ANALYZER_NUMBER_OBJECT_CONVERSION = YES_AGGRESSIVE;
				CLANG_CXX_LANGUAGE_STANDARD = "gnu++20";
				CLANG_ENABLE_MODULES = YES;
				CLANG_ENABLE_OBJC_ARC = YES;
				CLANG_ENABLE_OBJC_WEAK = YES;
				CLANG_WARN_BLOCK_CAPTURE_AUTORELEASING = YES;
				CLANG_WARN_BOOL_CONVERSION = YES;
				CLANG_WARN_COMMA = YES;
				CLANG_WARN_CONSTANT_CONVERSION = YES;
				CLANG_WARN_DEPRECATED_OBJC_IMPLEMENTATIONS = YES;
				CLANG_WARN_DIRECT_OBJC_ISA_USAGE = YES_ERROR;
				CLANG_WARN_DOCUMENTATION_COMMENTS = YES;
				CLANG_WARN_EMPTY_BODY = YES;
				CLANG_WARN_ENUM_CONVERSION = YES;
				CLANG_WARN_INFINITE_RECURSION = YES;
				CLANG_WARN_INT_CONVERSION = YES;
				CLANG_WARN_NON_LITERAL_NULL_CONVERSION = YES;
				CLANG_WARN_OBJC_IMPLICIT_RETAIN_SELF = YES;
				CLANG_WARN_OBJC_LITERAL_CONVERSION = YES;
				CLANG_WARN_OBJC_ROOT_CLASS = YES_ERROR;
				CLANG_WARN_QUOTED_INCLUDE_IN_FRAMEWORK_HEADER = YES;
				CLANG_WARN_RANGE_LOOP_ANALYSIS = YES;
				CLANG_WARN_STRICT_PROTOTYPES = YES;
				CLANG_WARN_SUSPICIOUS_MOVE = YES;
				CLANG_WARN_UNGUARDED_AVAILABILITY = YES_AGGRESSIVE;
				CLANG_WARN_UNREACHABLE_CODE = YES;
				CLANG_WARN__DUPLICATE_METHOD_MATCH = YES;
				COPY_PHASE_STRIP = NO;
				DEBUG_INFORMATION_FORMAT = dwarf;
				ENABLE_STRICT_OBJC_MSGSEND = YES;
				ENABLE_TESTABILITY = YES;
				GCC_C_LANGUAGE_STANDARD = gnu11;
				GCC_DYNAMIC_NO_PIC = NO;
				GCC_NO_COMMON_BLOCKS = YES;
				GCC_OPTIMIZATION_LEVEL = 0;
				GCC_PREPROCESSOR_DEFINITIONS = (
					"DEBUG=1",
					"$(inherited)",
				);
				GCC_WARN_64_TO_32_BIT_CONVERSION = YES;
				GCC_WARN_ABOUT_RETURN_TYPE = YES_ERROR;
				GCC_WARN_UNDECLARED_SELECTOR = YES;
				GCC_WARN_UNINITIALIZED_AUTOS = YES_AGGRESSIVE;
				GCC_WARN_UNUSED_FUNCTION = YES;
				GCC_WARN_UNUSED_VARIABLE = YES;
				IPHONEOS_DEPLOYMENT_TARGET = 15.0;
				MTL_ENABLE_DEBUG_INFO = INCLUDE_SOURCE;
				MTL_FAST_MATH = YES;
				ONLY_ACTIVE_ARCH = YES;
				SDKROOT = iphoneos;
				SWIFT_ACTIVE_COMPILATION_CONDITIONS = DEBUG;
				SWIFT_OPTIMIZATION_LEVEL = "-Onone";
			};
			name = Debug;
		};
		7B68466E2A05418400CC5DD0 /* Release */ = {
			isa = XCBuildConfiguration;
			buildSettings = {
				ALWAYS_SEARCH_USER_PATHS = NO;
				CLANG_ANALYZER_NONNULL = YES;
				CLANG_ANALYZER_NUMBER_OBJECT_CONVERSION = YES_AGGRESSIVE;
				CLANG_CXX_LANGUAGE_STANDARD = "gnu++20";
				CLANG_ENABLE_MODULES = YES;
				CLANG_ENABLE_OBJC_ARC = YES;
				CLANG_ENABLE_OBJC_WEAK = YES;
				CLANG_WARN_BLOCK_CAPTURE_AUTORELEASING = YES;
				CLANG_WARN_BOOL_CONVERSION = YES;
				CLANG_WARN_COMMA = YES;
				CLANG_WARN_CONSTANT_CONVERSION = YES;
				CLANG_WARN_DEPRECATED_OBJC_IMPLEMENTATIONS = YES;
				CLANG_WARN_DIRECT_OBJC_ISA_USAGE = YES_ERROR;
				CLANG_WARN_DOCUMENTATION_COMMENTS = YES;
				CLANG_WARN_EMPTY_BODY = YES;
				CLANG_WARN_ENUM_CONVERSION = YES;
				CLANG_WARN_INFINITE_RECURSION = YES;
				CLANG_WARN_INT_CONVERSION = YES;
				CLANG_WARN_NON_LITERAL_NULL_CONVERSION = YES;
				CLANG_WARN_OBJC_IMPLICIT_RETAIN_SELF = YES;
				CLANG_WARN_OBJC_LITERAL_CONVERSION = YES;
				CLANG_WARN_OBJC_ROOT_CLASS = YES_ERROR;
				CLANG_WARN_QUOTED_INCLUDE_IN_FRAMEWORK_HEADER = YES;
				CLANG_WARN_RANGE_LOOP_ANALYSIS = YES;
				CLANG_WARN_STRICT_PROTOTYPES = YES;
				CLANG_WARN_SUSPICIOUS_MOVE = YES;
				CLANG_WARN_UNGUARDED_AVAILABILITY = YES_AGGRESSIVE;
				CLANG_WARN_UNREACHABLE_CODE = YES;
				CLANG_WARN__DUPLICATE_METHOD_MATCH = YES;
				COPY_PHASE_STRIP = NO;
				DEBUG_INFORMATION_FORMAT = "dwarf-with-dsym";
				ENABLE_NS_ASSERTIONS = NO;
				ENABLE_STRICT_OBJC_MSGSEND = YES;
				GCC_C_LANGUAGE_STANDARD = gnu11;
				GCC_NO_COMMON_BLOCKS = YES;
				GCC_WARN_64_TO_32_BIT_CONVERSION = YES;
				GCC_WARN_ABOUT_RETURN_TYPE = YES_ERROR;
				GCC_WARN_UNDECLARED_SELECTOR = YES;
				GCC_WARN_UNINITIALIZED_AUTOS = YES_AGGRESSIVE;
				GCC_WARN_UNUSED_FUNCTION = YES;
				GCC_WARN_UNUSED_VARIABLE = YES;
				IPHONEOS_DEPLOYMENT_TARGET = 15.0;
				MTL_ENABLE_DEBUG_INFO = NO;
				MTL_FAST_MATH = YES;
				SDKROOT = iphoneos;
				SWIFT_COMPILATION_MODE = wholemodule;
				SWIFT_OPTIMIZATION_LEVEL = "-O";
				VALIDATE_PRODUCT = YES;
			};
			name = Release;
		};
		7B6846702A05418400CC5DD0 /* Debug */ = {
			isa = XCBuildConfiguration;
			buildSettings = {
				ASSETCATALOG_COMPILER_APPICON_NAME = AppIcon;
				ASSETCATALOG_COMPILER_GLOBAL_ACCENT_COLOR_NAME = AccentColor;
				CODE_SIGN_STYLE = Automatic;
				CURRENT_PROJECT_VERSION = 1;
				GENERATE_INFOPLIST_FILE = YES;
				INFOPLIST_FILE = Planetz/Main/Info.plist;
				INFOPLIST_KEY_UIApplicationSupportsIndirectInputEvents = YES;
				INFOPLIST_KEY_UILaunchStoryboardName = LaunchScreen;
				INFOPLIST_KEY_UISupportedInterfaceOrientations_iPad = "UIInterfaceOrientationPortrait UIInterfaceOrientationPortraitUpsideDown UIInterfaceOrientationLandscapeLeft UIInterfaceOrientationLandscapeRight";
				INFOPLIST_KEY_UISupportedInterfaceOrientations_iPhone = "UIInterfaceOrientationPortrait UIInterfaceOrientationLandscapeLeft UIInterfaceOrientationLandscapeRight";
				LD_RUNPATH_SEARCH_PATHS = (
					"$(inherited)",
					"@executable_path/Frameworks",
				);
				MARKETING_VERSION = 1.0;
				PRODUCT_BUNDLE_IDENTIFIER = com.mobile.app.Planetz;
				PRODUCT_NAME = "$(TARGET_NAME)";
				SWIFT_EMIT_LOC_STRINGS = YES;
				SWIFT_VERSION = 5.0;
				TARGETED_DEVICE_FAMILY = "1,2";
			};
			name = Debug;
		};
		7B6846712A05418400CC5DD0 /* Release */ = {
			isa = XCBuildConfiguration;
			buildSettings = {
				ASSETCATALOG_COMPILER_APPICON_NAME = AppIcon;
				ASSETCATALOG_COMPILER_GLOBAL_ACCENT_COLOR_NAME = AccentColor;
				CODE_SIGN_STYLE = Automatic;
				CURRENT_PROJECT_VERSION = 1;
				GENERATE_INFOPLIST_FILE = YES;
				INFOPLIST_FILE = Planetz/Main/Info.plist;
				INFOPLIST_KEY_UIApplicationSupportsIndirectInputEvents = YES;
				INFOPLIST_KEY_UILaunchStoryboardName = LaunchScreen;
				INFOPLIST_KEY_UISupportedInterfaceOrientations_iPad = "UIInterfaceOrientationPortrait UIInterfaceOrientationPortraitUpsideDown UIInterfaceOrientationLandscapeLeft UIInterfaceOrientationLandscapeRight";
				INFOPLIST_KEY_UISupportedInterfaceOrientations_iPhone = "UIInterfaceOrientationPortrait UIInterfaceOrientationLandscapeLeft UIInterfaceOrientationLandscapeRight";
				LD_RUNPATH_SEARCH_PATHS = (
					"$(inherited)",
					"@executable_path/Frameworks",
				);
				MARKETING_VERSION = 1.0;
				PRODUCT_BUNDLE_IDENTIFIER = com.mobile.app.Planetz;
				PRODUCT_NAME = "$(TARGET_NAME)";
				SWIFT_EMIT_LOC_STRINGS = YES;
				SWIFT_VERSION = 5.0;
				TARGETED_DEVICE_FAMILY = "1,2";
			};
			name = Release;
		};
		7B6846732A05418400CC5DD0 /* Debug */ = {
			isa = XCBuildConfiguration;
			buildSettings = {
				ALWAYS_EMBED_SWIFT_STANDARD_LIBRARIES = YES;
				BUNDLE_LOADER = "$(TEST_HOST)";
				CODE_SIGN_STYLE = Automatic;
				CURRENT_PROJECT_VERSION = 1;
				GENERATE_INFOPLIST_FILE = YES;
				IPHONEOS_DEPLOYMENT_TARGET = 16.4;
				MARKETING_VERSION = 1.0;
				PRODUCT_BUNDLE_IDENTIFIER = com.mobile.app.PlanetzTests;
				PRODUCT_NAME = "$(TARGET_NAME)";
				SWIFT_EMIT_LOC_STRINGS = NO;
				SWIFT_VERSION = 5.0;
				TARGETED_DEVICE_FAMILY = "1,2";
				TEST_HOST = "$(BUILT_PRODUCTS_DIR)/Planetz.app/$(BUNDLE_EXECUTABLE_FOLDER_PATH)/Planetz";
			};
			name = Debug;
		};
		7B6846742A05418400CC5DD0 /* Release */ = {
			isa = XCBuildConfiguration;
			buildSettings = {
				ALWAYS_EMBED_SWIFT_STANDARD_LIBRARIES = YES;
				BUNDLE_LOADER = "$(TEST_HOST)";
				CODE_SIGN_STYLE = Automatic;
				CURRENT_PROJECT_VERSION = 1;
				GENERATE_INFOPLIST_FILE = YES;
				IPHONEOS_DEPLOYMENT_TARGET = 16.4;
				MARKETING_VERSION = 1.0;
				PRODUCT_BUNDLE_IDENTIFIER = com.mobile.app.PlanetzTests;
				PRODUCT_NAME = "$(TARGET_NAME)";
				SWIFT_EMIT_LOC_STRINGS = NO;
				SWIFT_VERSION = 5.0;
				TARGETED_DEVICE_FAMILY = "1,2";
				TEST_HOST = "$(BUILT_PRODUCTS_DIR)/Planetz.app/$(BUNDLE_EXECUTABLE_FOLDER_PATH)/Planetz";
			};
			name = Release;
		};
		7B6846762A05418400CC5DD0 /* Debug */ = {
			isa = XCBuildConfiguration;
			buildSettings = {
				ALWAYS_EMBED_SWIFT_STANDARD_LIBRARIES = YES;
				CODE_SIGN_STYLE = Automatic;
				CURRENT_PROJECT_VERSION = 1;
				GENERATE_INFOPLIST_FILE = YES;
				MARKETING_VERSION = 1.0;
				PRODUCT_BUNDLE_IDENTIFIER = com.mobile.app.PlanetzUITests;
				PRODUCT_NAME = "$(TARGET_NAME)";
				SWIFT_EMIT_LOC_STRINGS = NO;
				SWIFT_VERSION = 5.0;
				TARGETED_DEVICE_FAMILY = "1,2";
				TEST_TARGET_NAME = Planetz;
			};
			name = Debug;
		};
		7B6846772A05418400CC5DD0 /* Release */ = {
			isa = XCBuildConfiguration;
			buildSettings = {
				ALWAYS_EMBED_SWIFT_STANDARD_LIBRARIES = YES;
				CODE_SIGN_STYLE = Automatic;
				CURRENT_PROJECT_VERSION = 1;
				GENERATE_INFOPLIST_FILE = YES;
				MARKETING_VERSION = 1.0;
				PRODUCT_BUNDLE_IDENTIFIER = com.mobile.app.PlanetzUITests;
				PRODUCT_NAME = "$(TARGET_NAME)";
				SWIFT_EMIT_LOC_STRINGS = NO;
				SWIFT_VERSION = 5.0;
				TARGETED_DEVICE_FAMILY = "1,2";
				TEST_TARGET_NAME = Planetz;
			};
			name = Release;
		};
/* End XCBuildConfiguration section */

/* Begin XCConfigurationList section */
		7B6846402A05418200CC5DD0 /* Build configuration list for PBXProject "Planetz" */ = {
			isa = XCConfigurationList;
			buildConfigurations = (
				7B68466D2A05418400CC5DD0 /* Debug */,
				7B68466E2A05418400CC5DD0 /* Release */,
			);
			defaultConfigurationIsVisible = 0;
			defaultConfigurationName = Release;
		};
		7B68466F2A05418400CC5DD0 /* Build configuration list for PBXNativeTarget "Planetz" */ = {
			isa = XCConfigurationList;
			buildConfigurations = (
				7B6846702A05418400CC5DD0 /* Debug */,
				7B6846712A05418400CC5DD0 /* Release */,
			);
			defaultConfigurationIsVisible = 0;
			defaultConfigurationName = Release;
		};
		7B6846722A05418400CC5DD0 /* Build configuration list for PBXNativeTarget "PlanetzTests" */ = {
			isa = XCConfigurationList;
			buildConfigurations = (
				7B6846732A05418400CC5DD0 /* Debug */,
				7B6846742A05418400CC5DD0 /* Release */,
			);
			defaultConfigurationIsVisible = 0;
			defaultConfigurationName = Release;
		};
		7B6846752A05418400CC5DD0 /* Build configuration list for PBXNativeTarget "PlanetzUITests" */ = {
			isa = XCConfigurationList;
			buildConfigurations = (
				7B6846762A05418400CC5DD0 /* Debug */,
				7B6846772A05418400CC5DD0 /* Release */,
			);
			defaultConfigurationIsVisible = 0;
			defaultConfigurationName = Release;
		};
/* End XCConfigurationList section */
	};
	rootObject = 7B68463D2A05418200CC5DD0 /* Project object */;
}
